
Microsoft Visual Studio Solution File, Format Version 12.00
# Visual Studio 15
VisualStudioVersion = 15.0.28307.705
MinimumVisualStudioVersion = 10.0.40219.1
Project("{FAE04EC0-301F-11D3-BF4B-00C04F79EFBC}") = "MatrizLecturayEscritura", "MatrizLecturayEscritura\MatrizLecturayEscritura.csproj", "{0E489BBD-43C2-47C0-9EC7-03EA0C25F21A}"
EndProject
Global
	GlobalSection(SolutionConfigurationPlatforms) = preSolution
		Debug|Any CPU = Debug|Any CPU
		Release|Any CPU = Release|Any CPU
	EndGlobalSection
	GlobalSection(ProjectConfigurationPlatforms) = postSolution
		{0E489BBD-43C2-47C0-9EC7-03EA0C25F21A}.Debug|Any CPU.ActiveCfg = Debug|Any CPU
		{0E489BBD-43C2-47C0-9EC7-03EA0C25F21A}.Debug|Any CPU.Build.0 = Debug|Any CPU
		{0E489BBD-43C2-47C0-9EC7-03EA0C25F21A}.Release|Any CPU.ActiveCfg = Release|Any CPU
		{0E489BBD-43C2-47C0-9EC7-03EA0C25F21A}.Release|Any CPU.Build.0 = Release|Any CPU
	EndGlobalSection
	GlobalSection(SolutionProperties) = preSolution
		HideSolutionNode = FALSE
	EndGlobalSection
	GlobalSection(ExtensibilityGlobals) = postSolution
		SolutionGuid = {75E5C48C-095B-4DB6-A774-4A9387D70D2C}
	EndGlobalSection
EndGlobal
